<?xml version="1.0" encoding="utf-8"?>
<Project ToolsVersion="17.0" xmlns="http://schemas.microsoft.com/developer/msbuild/2003">
  <ItemGroup>
    <CustomBuild Include="C:\Users\hp987\source\repos\GaggedEngine\LearnOpenGL\Resources\Assimp-Build\CMakeFiles\d5c463586369fb30b679780068e908ea\INSTALL_force.rule">
      <Filter>CMake Rules</Filter>
    </CustomBuild>
  </ItemGroup>
  <ItemGroup>
    <Filter Include="CMake Rules">
      <UniqueIdentifier>{B293AB78-FB29-3DA3-B0E0-16A39ACBD8A3}</UniqueIdentifier>
    </Filter>
  </ItemGroup>
</Project>
