
Microsoft Visual Studio Solution File, Format Version 12.00
# Visual Studio Version 17
Project("{8BC9CEB8-8B4A-11D0-8D11-00A0C91BC942}") = "ALL_BUILD", "ALL_BUILD.vcxproj", "{AA66E033-3A16-3182-9EB4-9918EEF39317}"
	ProjectSection(ProjectDependencies) = postProject
		{4B711A27-5158-3DFA-AFBE-175A8A96566E} = {4B711A27-5158-3DFA-AFBE-175A8A96566E}
		{537A5A87-4ACD-355C-B6B3-161AC1A05FB7} = {537A5A87-4ACD-355C-B6B3-161AC1A05FB7}
		{BC424EA7-771F-336E-8CDA-772AFDFC7E82} = {BC424EA7-771F-336E-8CDA-772AFDFC7E82}
		{1EA2C2D1-DC8B-33FC-A12A-BF3539E79F05} = {1EA2C2D1-DC8B-33FC-A12A-BF3539E79F05}
		{8A04FC6E-C650-32A5-9F78-15954C1BFA1C} = {8A04FC6E-C650-32A5-9F78-15954C1BFA1C}
		{581E4257-F127-3396-BB38-32C99DAEFCBE} = {581E4257-F127-3396-BB38-32C99DAEFCBE}
		{134D675E-C765-35DC-B90A-5EEB74501CF6} = {134D675E-C765-35DC-B90A-5EEB74501CF6}
		{B9CF032D-B95D-3389-928B-A7BFAA45C037} = {B9CF032D-B95D-3389-928B-A7BFAA45C037}
	EndProjectSection
EndProject
Project("{8BC9CEB8-8B4A-11D0-8D11-00A0C91BC942}") = "INSTALL", "INSTALL.vcxproj", "{11110A96-1340-330F-9E32-4302C8D53289}"
	ProjectSection(ProjectDependencies) = postProject
		{AA66E033-3A16-3182-9EB4-9918EEF39317} = {AA66E033-3A16-3182-9EB4-9918EEF39317}
		{537A5A87-4ACD-355C-B6B3-161AC1A05FB7} = {537A5A87-4ACD-355C-B6B3-161AC1A05FB7}
	EndProjectSection
EndProject
Project("{8BC9CEB8-8B4A-11D0-8D11-00A0C91BC942}") = "IrrXML", "contrib\irrXML\IrrXML.vcxproj", "{4B711A27-5158-3DFA-AFBE-175A8A96566E}"
	ProjectSection(ProjectDependencies) = postProject
		{537A5A87-4ACD-355C-B6B3-161AC1A05FB7} = {537A5A87-4ACD-355C-B6B3-161AC1A05FB7}
	EndProjectSection
EndProject
Project("{8BC9CEB8-8B4A-11D0-8D11-00A0C91BC942}") = "UpdateAssimpLibsDebugSymbolsAndDLLs", "UpdateAssimpLibsDebugSymbolsAndDLLs.vcxproj", "{22B7073B-D02C-376A-8813-07D059E8D1E7}"
	ProjectSection(ProjectDependencies) = postProject
		{537A5A87-4ACD-355C-B6B3-161AC1A05FB7} = {537A5A87-4ACD-355C-B6B3-161AC1A05FB7}
	EndProjectSection
EndProject
Project("{8BC9CEB8-8B4A-11D0-8D11-00A0C91BC942}") = "ZERO_CHECK", "ZERO_CHECK.vcxproj", "{537A5A87-4ACD-355C-B6B3-161AC1A05FB7}"
	ProjectSection(ProjectDependencies) = postProject
	EndProjectSection
EndProject
Project("{8BC9CEB8-8B4A-11D0-8D11-00A0C91BC942}") = "assimp", "code\assimp.vcxproj", "{BC424EA7-771F-336E-8CDA-772AFDFC7E82}"
	ProjectSection(ProjectDependencies) = postProject
		{4B711A27-5158-3DFA-AFBE-175A8A96566E} = {4B711A27-5158-3DFA-AFBE-175A8A96566E}
		{537A5A87-4ACD-355C-B6B3-161AC1A05FB7} = {537A5A87-4ACD-355C-B6B3-161AC1A05FB7}
		{B9CF032D-B95D-3389-928B-A7BFAA45C037} = {B9CF032D-B95D-3389-928B-A7BFAA45C037}
	EndProjectSection
EndProject
Project("{8BC9CEB8-8B4A-11D0-8D11-00A0C91BC942}") = "assimp_cmd", "tools\assimp_cmd\assimp_cmd.vcxproj", "{1EA2C2D1-DC8B-33FC-A12A-BF3539E79F05}"
	ProjectSection(ProjectDependencies) = postProject
		{4B711A27-5158-3DFA-AFBE-175A8A96566E} = {4B711A27-5158-3DFA-AFBE-175A8A96566E}
		{537A5A87-4ACD-355C-B6B3-161AC1A05FB7} = {537A5A87-4ACD-355C-B6B3-161AC1A05FB7}
		{BC424EA7-771F-336E-8CDA-772AFDFC7E82} = {BC424EA7-771F-336E-8CDA-772AFDFC7E82}
		{B9CF032D-B95D-3389-928B-A7BFAA45C037} = {B9CF032D-B95D-3389-928B-A7BFAA45C037}
	EndProjectSection
EndProject
Project("{8BC9CEB8-8B4A-11D0-8D11-00A0C91BC942}") = "assimp_viewer", "tools\assimp_view\assimp_viewer.vcxproj", "{8A04FC6E-C650-32A5-9F78-15954C1BFA1C}"
	ProjectSection(ProjectDependencies) = postProject
		{4B711A27-5158-3DFA-AFBE-175A8A96566E} = {4B711A27-5158-3DFA-AFBE-175A8A96566E}
		{537A5A87-4ACD-355C-B6B3-161AC1A05FB7} = {537A5A87-4ACD-355C-B6B3-161AC1A05FB7}
		{BC424EA7-771F-336E-8CDA-772AFDFC7E82} = {BC424EA7-771F-336E-8CDA-772AFDFC7E82}
		{B9CF032D-B95D-3389-928B-A7BFAA45C037} = {B9CF032D-B95D-3389-928B-A7BFAA45C037}
	EndProjectSection
EndProject
Project("{8BC9CEB8-8B4A-11D0-8D11-00A0C91BC942}") = "uninstall", "uninstall.vcxproj", "{E537B95C-ADC8-3A52-A2C3-D6A9CB5F656F}"
	ProjectSection(ProjectDependencies) = postProject
		{537A5A87-4ACD-355C-B6B3-161AC1A05FB7} = {537A5A87-4ACD-355C-B6B3-161AC1A05FB7}
	EndProjectSection
EndProject
Project("{8BC9CEB8-8B4A-11D0-8D11-00A0C91BC942}") = "unit", "test\unit.vcxproj", "{581E4257-F127-3396-BB38-32C99DAEFCBE}"
	ProjectSection(ProjectDependencies) = postProject
		{4B711A27-5158-3DFA-AFBE-175A8A96566E} = {4B711A27-5158-3DFA-AFBE-175A8A96566E}
		{537A5A87-4ACD-355C-B6B3-161AC1A05FB7} = {537A5A87-4ACD-355C-B6B3-161AC1A05FB7}
		{BC424EA7-771F-336E-8CDA-772AFDFC7E82} = {BC424EA7-771F-336E-8CDA-772AFDFC7E82}
		{B9CF032D-B95D-3389-928B-A7BFAA45C037} = {B9CF032D-B95D-3389-928B-A7BFAA45C037}
	EndProjectSection
EndProject
Project("{8BC9CEB8-8B4A-11D0-8D11-00A0C91BC942}") = "zlib", "contrib\zlib\zlib.vcxproj", "{134D675E-C765-35DC-B90A-5EEB74501CF6}"
	ProjectSection(ProjectDependencies) = postProject
		{537A5A87-4ACD-355C-B6B3-161AC1A05FB7} = {537A5A87-4ACD-355C-B6B3-161AC1A05FB7}
	EndProjectSection
EndProject
Project("{8BC9CEB8-8B4A-11D0-8D11-00A0C91BC942}") = "zlibstatic", "contrib\zlib\zlibstatic.vcxproj", "{B9CF032D-B95D-3389-928B-A7BFAA45C037}"
	ProjectSection(ProjectDependencies) = postProject
		{537A5A87-4ACD-355C-B6B3-161AC1A05FB7} = {537A5A87-4ACD-355C-B6B3-161AC1A05FB7}
	EndProjectSection
EndProject
Global
	GlobalSection(SolutionConfigurationPlatforms) = preSolution
		Debug|x64 = Debug|x64
		Release|x64 = Release|x64
		MinSizeRel|x64 = MinSizeRel|x64
		RelWithDebInfo|x64 = RelWithDebInfo|x64
	EndGlobalSection
	GlobalSection(ProjectConfigurationPlatforms) = postSolution
		{AA66E033-3A16-3182-9EB4-9918EEF39317}.Debug|x64.ActiveCfg = Debug|x64
		{AA66E033-3A16-3182-9EB4-9918EEF39317}.Debug|x64.Build.0 = Debug|x64
		{AA66E033-3A16-3182-9EB4-9918EEF39317}.Release|x64.ActiveCfg = Release|x64
		{AA66E033-3A16-3182-9EB4-9918EEF39317}.Release|x64.Build.0 = Release|x64
		{AA66E033-3A16-3182-9EB4-9918EEF39317}.MinSizeRel|x64.ActiveCfg = MinSizeRel|x64
		{AA66E033-3A16-3182-9EB4-9918EEF39317}.MinSizeRel|x64.Build.0 = MinSizeRel|x64
		{AA66E033-3A16-3182-9EB4-9918EEF39317}.RelWithDebInfo|x64.ActiveCfg = RelWithDebInfo|x64
		{AA66E033-3A16-3182-9EB4-9918EEF39317}.RelWithDebInfo|x64.Build.0 = RelWithDebInfo|x64
		{11110A96-1340-330F-9E32-4302C8D53289}.Debug|x64.ActiveCfg = Debug|x64
		{11110A96-1340-330F-9E32-4302C8D53289}.Release|x64.ActiveCfg = Release|x64
		{11110A96-1340-330F-9E32-4302C8D53289}.MinSizeRel|x64.ActiveCfg = MinSizeRel|x64
		{11110A96-1340-330F-9E32-4302C8D53289}.RelWithDebInfo|x64.ActiveCfg = RelWithDebInfo|x64
		{4B711A27-5158-3DFA-AFBE-175A8A96566E}.Debug|x64.ActiveCfg = Debug|x64
		{4B711A27-5158-3DFA-AFBE-175A8A96566E}.Debug|x64.Build.0 = Debug|x64
		{4B711A27-5158-3DFA-AFBE-175A8A96566E}.Release|x64.ActiveCfg = Release|x64
		{4B711A27-5158-3DFA-AFBE-175A8A96566E}.Release|x64.Build.0 = Release|x64
		{4B711A27-5158-3DFA-AFBE-175A8A96566E}.MinSizeRel|x64.ActiveCfg = MinSizeRel|x64
		{4B711A27-5158-3DFA-AFBE-175A8A96566E}.MinSizeRel|x64.Build.0 = MinSizeRel|x64
		{4B711A27-5158-3DFA-AFBE-175A8A96566E}.RelWithDebInfo|x64.ActiveCfg = RelWithDebInfo|x64
		{4B711A27-5158-3DFA-AFBE-175A8A96566E}.RelWithDebInfo|x64.Build.0 = RelWithDebInfo|x64
		{22B7073B-D02C-376A-8813-07D059E8D1E7}.Debug|x64.ActiveCfg = Debug|x64
		{22B7073B-D02C-376A-8813-07D059E8D1E7}.Release|x64.ActiveCfg = Release|x64
		{22B7073B-D02C-376A-8813-07D059E8D1E7}.MinSizeRel|x64.ActiveCfg = MinSizeRel|x64
		{22B7073B-D02C-376A-8813-07D059E8D1E7}.RelWithDebInfo|x64.ActiveCfg = RelWithDebInfo|x64
		{537A5A87-4ACD-355C-B6B3-161AC1A05FB7}.Debug|x64.ActiveCfg = Debug|x64
		{537A5A87-4ACD-355C-B6B3-161AC1A05FB7}.Debug|x64.Build.0 = Debug|x64
		{537A5A87-4ACD-355C-B6B3-161AC1A05FB7}.Release|x64.ActiveCfg = Release|x64
		{537A5A87-4ACD-355C-B6B3-161AC1A05FB7}.Release|x64.Build.0 = Release|x64
		{537A5A87-4ACD-355C-B6B3-161AC1A05FB7}.MinSizeRel|x64.ActiveCfg = MinSizeRel|x64
		{537A5A87-4ACD-355C-B6B3-161AC1A05FB7}.MinSizeRel|x64.Build.0 = MinSizeRel|x64
		{537A5A87-4ACD-355C-B6B3-161AC1A05FB7}.RelWithDebInfo|x64.ActiveCfg = RelWithDebInfo|x64
		{537A5A87-4ACD-355C-B6B3-161AC1A05FB7}.RelWithDebInfo|x64.Build.0 = RelWithDebInfo|x64
		{BC424EA7-771F-336E-8CDA-772AFDFC7E82}.Debug|x64.ActiveCfg = Debug|x64
		{BC424EA7-771F-336E-8CDA-772AFDFC7E82}.Debug|x64.Build.0 = Debug|x64
		{BC424EA7-771F-336E-8CDA-772AFDFC7E82}.Release|x64.ActiveCfg = Release|x64
		{BC424EA7-771F-336E-8CDA-772AFDFC7E82}.Release|x64.Build.0 = Release|x64
		{BC424EA7-771F-336E-8CDA-772AFDFC7E82}.MinSizeRel|x64.ActiveCfg = MinSizeRel|x64
		{BC424EA7-771F-336E-8CDA-772AFDFC7E82}.MinSizeRel|x64.Build.0 = MinSizeRel|x64
		{BC424EA7-771F-336E-8CDA-772AFDFC7E82}.RelWithDebInfo|x64.ActiveCfg = RelWithDebInfo|x64
		{BC424EA7-771F-336E-8CDA-772AFDFC7E82}.RelWithDebInfo|x64.Build.0 = RelWithDebInfo|x64
		{1EA2C2D1-DC8B-33FC-A12A-BF3539E79F05}.Debug|x64.ActiveCfg = Debug|x64
		{1EA2C2D1-DC8B-33FC-A12A-BF3539E79F05}.Debug|x64.Build.0 = Debug|x64
		{1EA2C2D1-DC8B-33FC-A12A-BF3539E79F05}.Release|x64.ActiveCfg = Release|x64
		{1EA2C2D1-DC8B-33FC-A12A-BF3539E79F05}.Release|x64.Build.0 = Release|x64
		{1EA2C2D1-DC8B-33FC-A12A-BF3539E79F05}.MinSizeRel|x64.ActiveCfg = MinSizeRel|x64
		{1EA2C2D1-DC8B-33FC-A12A-BF3539E79F05}.MinSizeRel|x64.Build.0 = MinSizeRel|x64
		{1EA2C2D1-DC8B-33FC-A12A-BF3539E79F05}.RelWithDebInfo|x64.ActiveCfg = RelWithDebInfo|x64
		{1EA2C2D1-DC8B-33FC-A12A-BF3539E79F05}.RelWithDebInfo|x64.Build.0 = RelWithDebInfo|x64
		{8A04FC6E-C650-32A5-9F78-15954C1BFA1C}.Debug|x64.ActiveCfg = Debug|x64
		{8A04FC6E-C650-32A5-9F78-15954C1BFA1C}.Debug|x64.Build.0 = Debug|x64
		{8A04FC6E-C650-32A5-9F78-15954C1BFA1C}.Release|x64.ActiveCfg = Release|x64
		{8A04FC6E-C650-32A5-9F78-15954C1BFA1C}.Release|x64.Build.0 = Release|x64
		{8A04FC6E-C650-32A5-9F78-15954C1BFA1C}.MinSizeRel|x64.ActiveCfg = MinSizeRel|x64
		{8A04FC6E-C650-32A5-9F78-15954C1BFA1C}.MinSizeRel|x64.Build.0 = MinSizeRel|x64
		{8A04FC6E-C650-32A5-9F78-15954C1BFA1C}.RelWithDebInfo|x64.ActiveCfg = RelWithDebInfo|x64
		{8A04FC6E-C650-32A5-9F78-15954C1BFA1C}.RelWithDebInfo|x64.Build.0 = RelWithDebInfo|x64
		{E537B95C-ADC8-3A52-A2C3-D6A9CB5F656F}.Debug|x64.ActiveCfg = Debug|x64
		{E537B95C-ADC8-3A52-A2C3-D6A9CB5F656F}.Release|x64.ActiveCfg = Release|x64
		{E537B95C-ADC8-3A52-A2C3-D6A9CB5F656F}.MinSizeRel|x64.ActiveCfg = MinSizeRel|x64
		{E537B95C-ADC8-3A52-A2C3-D6A9CB5F656F}.RelWithDebInfo|x64.ActiveCfg = RelWithDebInfo|x64
		{581E4257-F127-3396-BB38-32C99DAEFCBE}.Debug|x64.ActiveCfg = Debug|x64
		{581E4257-F127-3396-BB38-32C99DAEFCBE}.Debug|x64.Build.0 = Debug|x64
		{581E4257-F127-3396-BB38-32C99DAEFCBE}.Release|x64.ActiveCfg = Release|x64
		{581E4257-F127-3396-BB38-32C99DAEFCBE}.Release|x64.Build.0 = Release|x64
		{581E4257-F127-3396-BB38-32C99DAEFCBE}.MinSizeRel|x64.ActiveCfg = MinSizeRel|x64
		{581E4257-F127-3396-BB38-32C99DAEFCBE}.MinSizeRel|x64.Build.0 = MinSizeRel|x64
		{581E4257-F127-3396-BB38-32C99DAEFCBE}.RelWithDebInfo|x64.ActiveCfg = RelWithDebInfo|x64
		{581E4257-F127-3396-BB38-32C99DAEFCBE}.RelWithDebInfo|x64.Build.0 = RelWithDebInfo|x64
		{134D675E-C765-35DC-B90A-5EEB74501CF6}.Debug|x64.ActiveCfg = Debug|x64
		{134D675E-C765-35DC-B90A-5EEB74501CF6}.Debug|x64.Build.0 = Debug|x64
		{134D675E-C765-35DC-B90A-5EEB74501CF6}.Release|x64.ActiveCfg = Release|x64
		{134D675E-C765-35DC-B90A-5EEB74501CF6}.Release|x64.Build.0 = Release|x64
		{134D675E-C765-35DC-B90A-5EEB74501CF6}.MinSizeRel|x64.ActiveCfg = MinSizeRel|x64
		{134D675E-C765-35DC-B90A-5EEB74501CF6}.MinSizeRel|x64.Build.0 = MinSizeRel|x64
		{134D675E-C765-35DC-B90A-5EEB74501CF6}.RelWithDebInfo|x64.ActiveCfg = RelWithDebInfo|x64
		{134D675E-C765-35DC-B90A-5EEB74501CF6}.RelWithDebInfo|x64.Build.0 = RelWithDebInfo|x64
		{B9CF032D-B95D-3389-928B-A7BFAA45C037}.Debug|x64.ActiveCfg = Debug|x64
		{B9CF032D-B95D-3389-928B-A7BFAA45C037}.Debug|x64.Build.0 = Debug|x64
		{B9CF032D-B95D-3389-928B-A7BFAA45C037}.Release|x64.ActiveCfg = Release|x64
		{B9CF032D-B95D-3389-928B-A7BFAA45C037}.Release|x64.Build.0 = Release|x64
		{B9CF032D-B95D-3389-928B-A7BFAA45C037}.MinSizeRel|x64.ActiveCfg = MinSizeRel|x64
		{B9CF032D-B95D-3389-928B-A7BFAA45C037}.MinSizeRel|x64.Build.0 = MinSizeRel|x64
		{B9CF032D-B95D-3389-928B-A7BFAA45C037}.RelWithDebInfo|x64.ActiveCfg = RelWithDebInfo|x64
		{B9CF032D-B95D-3389-928B-A7BFAA45C037}.RelWithDebInfo|x64.Build.0 = RelWithDebInfo|x64
	EndGlobalSection
	GlobalSection(ExtensibilityGlobals) = postSolution
		SolutionGuid = {0520A9DA-8DBB-3705-A507-66C454047742}
	EndGlobalSection
	GlobalSection(ExtensibilityAddIns) = postSolution
	EndGlobalSection
EndGlobal
