<?xml version="1.0" encoding="utf-8"?>
<Project ToolsVersion="17.0" xmlns="http://schemas.microsoft.com/developer/msbuild/2003">
  <ItemGroup>
    <ClCompile Include="C:\Users\hp987\source\repos\GaggedEngine\LearnOpenGL\Resources\assimp-5.0.1\contrib\gtest\src\gtest-all.cc">
      <Filter>Source Files</Filter>
    </ClCompile>
    <ClCompile Include="C:\Users\hp987\source\repos\GaggedEngine\LearnOpenGL\Resources\assimp-5.0.1\test\unit\CCompilerTest.c">
      <Filter>UnitTests\Compiler</Filter>
    </ClCompile>
    <ClCompile Include="C:\Users\hp987\source\repos\GaggedEngine\LearnOpenGL\Resources\assimp-5.0.1\test\unit\Main.cpp">
      <Filter>Source Files</Filter>
    </ClCompile>
    <ClCompile Include="C:\Users\hp987\source\repos\GaggedEngine\LearnOpenGL\Resources\assimp-5.0.1\code\Common\Version.cpp">
      <Filter>Source Files</Filter>
    </ClCompile>
    <ClCompile Include="C:\Users\hp987\source\repos\GaggedEngine\LearnOpenGL\Resources\assimp-5.0.1\test\unit\utSimd.cpp">
      <Filter>UnitTests\Common</Filter>
    </ClCompile>
    <ClCompile Include="C:\Users\hp987\source\repos\GaggedEngine\LearnOpenGL\Resources\assimp-5.0.1\test\unit\utIOSystem.cpp">
      <Filter>UnitTests\Common</Filter>
    </ClCompile>
    <ClCompile Include="C:\Users\hp987\source\repos\GaggedEngine\LearnOpenGL\Resources\assimp-5.0.1\test\unit\utIOStreamBuffer.cpp">
      <Filter>UnitTests\Common</Filter>
    </ClCompile>
    <ClCompile Include="C:\Users\hp987\source\repos\GaggedEngine\LearnOpenGL\Resources\assimp-5.0.1\test\unit\utIssues.cpp">
      <Filter>UnitTests\Common</Filter>
    </ClCompile>
    <ClCompile Include="C:\Users\hp987\source\repos\GaggedEngine\LearnOpenGL\Resources\assimp-5.0.1\test\unit\utAnim.cpp">
      <Filter>UnitTests\Common</Filter>
    </ClCompile>
    <ClCompile Include="C:\Users\hp987\source\repos\GaggedEngine\LearnOpenGL\Resources\assimp-5.0.1\test\unit\AssimpAPITest.cpp">
      <Filter>UnitTests\Common</Filter>
    </ClCompile>
    <ClCompile Include="C:\Users\hp987\source\repos\GaggedEngine\LearnOpenGL\Resources\assimp-5.0.1\test\unit\utBatchLoader.cpp">
      <Filter>UnitTests\Common</Filter>
    </ClCompile>
    <ClCompile Include="C:\Users\hp987\source\repos\GaggedEngine\LearnOpenGL\Resources\assimp-5.0.1\test\unit\utDefaultIOStream.cpp">
      <Filter>UnitTests\Common</Filter>
    </ClCompile>
    <ClCompile Include="C:\Users\hp987\source\repos\GaggedEngine\LearnOpenGL\Resources\assimp-5.0.1\test\unit\utFastAtof.cpp">
      <Filter>UnitTests\Common</Filter>
    </ClCompile>
    <ClCompile Include="C:\Users\hp987\source\repos\GaggedEngine\LearnOpenGL\Resources\assimp-5.0.1\test\unit\utMetadata.cpp">
      <Filter>UnitTests\Common</Filter>
    </ClCompile>
    <ClCompile Include="C:\Users\hp987\source\repos\GaggedEngine\LearnOpenGL\Resources\assimp-5.0.1\test\unit\SceneDiffer.cpp">
      <Filter>UnitTests\Common</Filter>
    </ClCompile>
    <ClCompile Include="C:\Users\hp987\source\repos\GaggedEngine\LearnOpenGL\Resources\assimp-5.0.1\test\unit\AbstractImportExportBase.cpp">
      <Filter>UnitTests\Common</Filter>
    </ClCompile>
    <ClCompile Include="C:\Users\hp987\source\repos\GaggedEngine\LearnOpenGL\Resources\assimp-5.0.1\test\unit\utTypes.cpp">
      <Filter>UnitTests\Common</Filter>
    </ClCompile>
    <ClCompile Include="C:\Users\hp987\source\repos\GaggedEngine\LearnOpenGL\Resources\assimp-5.0.1\test\unit\utVersion.cpp">
      <Filter>UnitTests\Common</Filter>
    </ClCompile>
    <ClCompile Include="C:\Users\hp987\source\repos\GaggedEngine\LearnOpenGL\Resources\assimp-5.0.1\test\unit\utProfiler.cpp">
      <Filter>UnitTests\Common</Filter>
    </ClCompile>
    <ClCompile Include="C:\Users\hp987\source\repos\GaggedEngine\LearnOpenGL\Resources\assimp-5.0.1\test\unit\utSharedPPData.cpp">
      <Filter>UnitTests\Common</Filter>
    </ClCompile>
    <ClCompile Include="C:\Users\hp987\source\repos\GaggedEngine\LearnOpenGL\Resources\assimp-5.0.1\test\unit\utStringUtils.cpp">
      <Filter>UnitTests\Common</Filter>
    </ClCompile>
    <ClCompile Include="C:\Users\hp987\source\repos\GaggedEngine\LearnOpenGL\Resources\assimp-5.0.1\test\unit\Common\utLineSplitter.cpp">
      <Filter>UnitTests\Common</Filter>
    </ClCompile>
    <ClCompile Include="C:\Users\hp987\source\repos\GaggedEngine\LearnOpenGL\Resources\assimp-5.0.1\test\unit\utLWSImportExport.cpp">
      <Filter>UnitTests\ImportExport</Filter>
    </ClCompile>
    <ClCompile Include="C:\Users\hp987\source\repos\GaggedEngine\LearnOpenGL\Resources\assimp-5.0.1\test\unit\utLWOImportExport.cpp">
      <Filter>UnitTests\ImportExport</Filter>
    </ClCompile>
    <ClCompile Include="C:\Users\hp987\source\repos\GaggedEngine\LearnOpenGL\Resources\assimp-5.0.1\test\unit\utSMDImportExport.cpp">
      <Filter>UnitTests\ImportExport</Filter>
    </ClCompile>
    <ClCompile Include="C:\Users\hp987\source\repos\GaggedEngine\LearnOpenGL\Resources\assimp-5.0.1\test\unit\utglTFImportExport.cpp">
      <Filter>UnitTests\ImportExport</Filter>
    </ClCompile>
    <ClCompile Include="C:\Users\hp987\source\repos\GaggedEngine\LearnOpenGL\Resources\assimp-5.0.1\test\unit\utglTF2ImportExport.cpp">
      <Filter>UnitTests\ImportExport</Filter>
    </ClCompile>
    <ClCompile Include="C:\Users\hp987\source\repos\GaggedEngine\LearnOpenGL\Resources\assimp-5.0.1\test\unit\utHMPImportExport.cpp">
      <Filter>UnitTests\ImportExport</Filter>
    </ClCompile>
    <ClCompile Include="C:\Users\hp987\source\repos\GaggedEngine\LearnOpenGL\Resources\assimp-5.0.1\test\unit\utIFCImportExport.cpp">
      <Filter>UnitTests\ImportExport</Filter>
    </ClCompile>
    <ClCompile Include="C:\Users\hp987\source\repos\GaggedEngine\LearnOpenGL\Resources\assimp-5.0.1\test\unit\utFBXImporterExporter.cpp">
      <Filter>UnitTests\ImportExport</Filter>
    </ClCompile>
    <ClCompile Include="C:\Users\hp987\source\repos\GaggedEngine\LearnOpenGL\Resources\assimp-5.0.1\test\unit\utImporter.cpp">
      <Filter>UnitTests\ImportExport</Filter>
    </ClCompile>
    <ClCompile Include="C:\Users\hp987\source\repos\GaggedEngine\LearnOpenGL\Resources\assimp-5.0.1\test\unit\ImportExport\utExporter.cpp">
      <Filter>UnitTests\ImportExport</Filter>
    </ClCompile>
    <ClCompile Include="C:\Users\hp987\source\repos\GaggedEngine\LearnOpenGL\Resources\assimp-5.0.1\test\unit\ut3DImportExport.cpp">
      <Filter>UnitTests\ImportExport</Filter>
    </ClCompile>
    <ClCompile Include="C:\Users\hp987\source\repos\GaggedEngine\LearnOpenGL\Resources\assimp-5.0.1\test\unit\ut3DSImportExport.cpp">
      <Filter>UnitTests\ImportExport</Filter>
    </ClCompile>
    <ClCompile Include="C:\Users\hp987\source\repos\GaggedEngine\LearnOpenGL\Resources\assimp-5.0.1\test\unit\utACImportExport.cpp">
      <Filter>UnitTests\ImportExport</Filter>
    </ClCompile>
    <ClCompile Include="C:\Users\hp987\source\repos\GaggedEngine\LearnOpenGL\Resources\assimp-5.0.1\test\unit\utAMFImportExport.cpp">
      <Filter>UnitTests\ImportExport</Filter>
    </ClCompile>
    <ClCompile Include="C:\Users\hp987\source\repos\GaggedEngine\LearnOpenGL\Resources\assimp-5.0.1\test\unit\utASEImportExport.cpp">
      <Filter>UnitTests\ImportExport</Filter>
    </ClCompile>
    <ClCompile Include="C:\Users\hp987\source\repos\GaggedEngine\LearnOpenGL\Resources\assimp-5.0.1\test\unit\utD3MFImportExport.cpp">
      <Filter>UnitTests\ImportExport</Filter>
    </ClCompile>
    <ClCompile Include="C:\Users\hp987\source\repos\GaggedEngine\LearnOpenGL\Resources\assimp-5.0.1\test\unit\utQ3DImportExport.cpp">
      <Filter>UnitTests\ImportExport</Filter>
    </ClCompile>
    <ClCompile Include="C:\Users\hp987\source\repos\GaggedEngine\LearnOpenGL\Resources\assimp-5.0.1\test\unit\utSTLImportExport.cpp">
      <Filter>UnitTests\ImportExport</Filter>
    </ClCompile>
    <ClCompile Include="C:\Users\hp987\source\repos\GaggedEngine\LearnOpenGL\Resources\assimp-5.0.1\test\unit\utXImporterExporter.cpp">
      <Filter>UnitTests\ImportExport</Filter>
    </ClCompile>
    <ClCompile Include="C:\Users\hp987\source\repos\GaggedEngine\LearnOpenGL\Resources\assimp-5.0.1\test\unit\utX3DImportExport.cpp">
      <Filter>UnitTests\ImportExport</Filter>
    </ClCompile>
    <ClCompile Include="C:\Users\hp987\source\repos\GaggedEngine\LearnOpenGL\Resources\assimp-5.0.1\test\unit\utDXFImporterExporter.cpp">
      <Filter>UnitTests\ImportExport</Filter>
    </ClCompile>
    <ClCompile Include="C:\Users\hp987\source\repos\GaggedEngine\LearnOpenGL\Resources\assimp-5.0.1\test\unit\utPMXImporter.cpp">
      <Filter>UnitTests\ImportExport</Filter>
    </ClCompile>
    <ClCompile Include="C:\Users\hp987\source\repos\GaggedEngine\LearnOpenGL\Resources\assimp-5.0.1\test\unit\utPLYImportExport.cpp">
      <Filter>UnitTests\ImportExport</Filter>
    </ClCompile>
    <ClCompile Include="C:\Users\hp987\source\repos\GaggedEngine\LearnOpenGL\Resources\assimp-5.0.1\test\unit\utObjImportExport.cpp">
      <Filter>UnitTests\ImportExport</Filter>
    </ClCompile>
    <ClCompile Include="C:\Users\hp987\source\repos\GaggedEngine\LearnOpenGL\Resources\assimp-5.0.1\test\unit\utObjTools.cpp">
      <Filter>UnitTests\ImportExport</Filter>
    </ClCompile>
    <ClCompile Include="C:\Users\hp987\source\repos\GaggedEngine\LearnOpenGL\Resources\assimp-5.0.1\test\unit\utOpenGEXImportExport.cpp">
      <Filter>UnitTests\ImportExport</Filter>
    </ClCompile>
    <ClCompile Include="C:\Users\hp987\source\repos\GaggedEngine\LearnOpenGL\Resources\assimp-5.0.1\test\unit\utSIBImporter.cpp">
      <Filter>UnitTests\ImportExport</Filter>
    </ClCompile>
    <ClCompile Include="C:\Users\hp987\source\repos\GaggedEngine\LearnOpenGL\Resources\assimp-5.0.1\test\unit\utBlenderIntermediate.cpp">
      <Filter>UnitTests\ImportExport</Filter>
    </ClCompile>
    <ClCompile Include="C:\Users\hp987\source\repos\GaggedEngine\LearnOpenGL\Resources\assimp-5.0.1\test\unit\utBlendImportAreaLight.cpp">
      <Filter>UnitTests\ImportExport</Filter>
    </ClCompile>
    <ClCompile Include="C:\Users\hp987\source\repos\GaggedEngine\LearnOpenGL\Resources\assimp-5.0.1\test\unit\utBlenderImportExport.cpp">
      <Filter>UnitTests\ImportExport</Filter>
    </ClCompile>
    <ClCompile Include="C:\Users\hp987\source\repos\GaggedEngine\LearnOpenGL\Resources\assimp-5.0.1\test\unit\utBlendImportMaterials.cpp">
      <Filter>UnitTests\ImportExport</Filter>
    </ClCompile>
    <ClCompile Include="C:\Users\hp987\source\repos\GaggedEngine\LearnOpenGL\Resources\assimp-5.0.1\test\unit\utBlenderWork.cpp">
      <Filter>UnitTests\ImportExport</Filter>
    </ClCompile>
    <ClCompile Include="C:\Users\hp987\source\repos\GaggedEngine\LearnOpenGL\Resources\assimp-5.0.1\test\unit\utBVHImportExport.cpp">
      <Filter>UnitTests\ImportExport</Filter>
    </ClCompile>
    <ClCompile Include="C:\Users\hp987\source\repos\GaggedEngine\LearnOpenGL\Resources\assimp-5.0.1\test\unit\utColladaExportCamera.cpp">
      <Filter>UnitTests\ImportExport</Filter>
    </ClCompile>
    <ClCompile Include="C:\Users\hp987\source\repos\GaggedEngine\LearnOpenGL\Resources\assimp-5.0.1\test\unit\utColladaExportLight.cpp">
      <Filter>UnitTests\ImportExport</Filter>
    </ClCompile>
    <ClCompile Include="C:\Users\hp987\source\repos\GaggedEngine\LearnOpenGL\Resources\assimp-5.0.1\test\unit\utColladaImportExport.cpp">
      <Filter>UnitTests\ImportExport</Filter>
    </ClCompile>
    <ClCompile Include="C:\Users\hp987\source\repos\GaggedEngine\LearnOpenGL\Resources\assimp-5.0.1\test\unit\utCSMImportExport.cpp">
      <Filter>UnitTests\ImportExport</Filter>
    </ClCompile>
    <ClCompile Include="C:\Users\hp987\source\repos\GaggedEngine\LearnOpenGL\Resources\assimp-5.0.1\test\unit\utB3DImportExport.cpp">
      <Filter>UnitTests\ImportExport</Filter>
    </ClCompile>
    <ClCompile Include="C:\Users\hp987\source\repos\GaggedEngine\LearnOpenGL\Resources\assimp-5.0.1\test\unit\utMDCImportExport.cpp">
      <Filter>UnitTests\ImportExport</Filter>
    </ClCompile>
    <ClCompile Include="C:\Users\hp987\source\repos\GaggedEngine\LearnOpenGL\Resources\assimp-5.0.1\test\unit\utAssbinImportExport.cpp">
      <Filter>UnitTests\ImportExport</Filter>
    </ClCompile>
    <ClCompile Include="C:\Users\hp987\source\repos\GaggedEngine\LearnOpenGL\Resources\assimp-5.0.1\test\unit\ImportExport\utAssjsonImportExport.cpp">
      <Filter>UnitTests\ImportExport</Filter>
    </ClCompile>
    <ClCompile Include="C:\Users\hp987\source\repos\GaggedEngine\LearnOpenGL\Resources\assimp-5.0.1\test\unit\ImportExport\utCOBImportExport.cpp">
      <Filter>UnitTests\ImportExport</Filter>
    </ClCompile>
    <ClCompile Include="C:\Users\hp987\source\repos\GaggedEngine\LearnOpenGL\Resources\assimp-5.0.1\test\unit\ImportExport\utOgreImportExport.cpp">
      <Filter>UnitTests\ImportExport</Filter>
    </ClCompile>
    <ClCompile Include="C:\Users\hp987\source\repos\GaggedEngine\LearnOpenGL\Resources\assimp-5.0.1\test\unit\ImportExport\utQ3BSPFileImportExport.cpp">
      <Filter>UnitTests\ImportExport</Filter>
    </ClCompile>
    <ClCompile Include="C:\Users\hp987\source\repos\GaggedEngine\LearnOpenGL\Resources\assimp-5.0.1\test\unit\ImportExport\utOFFImportExport.cpp">
      <Filter>UnitTests\ImportExport</Filter>
    </ClCompile>
    <ClCompile Include="C:\Users\hp987\source\repos\GaggedEngine\LearnOpenGL\Resources\assimp-5.0.1\test\unit\ImportExport\utNFFImportExport.cpp">
      <Filter>UnitTests\ImportExport</Filter>
    </ClCompile>
    <ClCompile Include="C:\Users\hp987\source\repos\GaggedEngine\LearnOpenGL\Resources\assimp-5.0.1\test\unit\ImportExport\utXGLImportExport.cpp">
      <Filter>UnitTests\ImportExport</Filter>
    </ClCompile>
    <ClCompile Include="C:\Users\hp987\source\repos\GaggedEngine\LearnOpenGL\Resources\assimp-5.0.1\test\unit\utMaterialSystem.cpp">
      <Filter>UnitTests\Material</Filter>
    </ClCompile>
    <ClCompile Include="C:\Users\hp987\source\repos\GaggedEngine\LearnOpenGL\Resources\assimp-5.0.1\test\unit\utMatrix3x3.cpp">
      <Filter>UnitTests\Math</Filter>
    </ClCompile>
    <ClCompile Include="C:\Users\hp987\source\repos\GaggedEngine\LearnOpenGL\Resources\assimp-5.0.1\test\unit\utMatrix4x4.cpp">
      <Filter>UnitTests\Math</Filter>
    </ClCompile>
    <ClCompile Include="C:\Users\hp987\source\repos\GaggedEngine\LearnOpenGL\Resources\assimp-5.0.1\test\unit\utVector3.cpp">
      <Filter>UnitTests\Math</Filter>
    </ClCompile>
    <ClCompile Include="C:\Users\hp987\source\repos\GaggedEngine\LearnOpenGL\Resources\assimp-5.0.1\test\unit\utImproveCacheLocality.cpp">
      <Filter>UnitTests\PostProcess</Filter>
    </ClCompile>
    <ClCompile Include="C:\Users\hp987\source\repos\GaggedEngine\LearnOpenGL\Resources\assimp-5.0.1\test\unit\utFixInfacingNormals.cpp">
      <Filter>UnitTests\PostProcess</Filter>
    </ClCompile>
    <ClCompile Include="C:\Users\hp987\source\repos\GaggedEngine\LearnOpenGL\Resources\assimp-5.0.1\test\unit\utGenNormals.cpp">
      <Filter>UnitTests\PostProcess</Filter>
    </ClCompile>
    <ClCompile Include="C:\Users\hp987\source\repos\GaggedEngine\LearnOpenGL\Resources\assimp-5.0.1\test\unit\utTriangulate.cpp">
      <Filter>UnitTests\PostProcess</Filter>
    </ClCompile>
    <ClCompile Include="C:\Users\hp987\source\repos\GaggedEngine\LearnOpenGL\Resources\assimp-5.0.1\test\unit\utTextureTransform.cpp">
      <Filter>UnitTests\PostProcess</Filter>
    </ClCompile>
    <ClCompile Include="C:\Users\hp987\source\repos\GaggedEngine\LearnOpenGL\Resources\assimp-5.0.1\test\unit\utRemoveRedundantMaterials.cpp">
      <Filter>UnitTests\PostProcess</Filter>
    </ClCompile>
    <ClCompile Include="C:\Users\hp987\source\repos\GaggedEngine\LearnOpenGL\Resources\assimp-5.0.1\test\unit\utRemoveVCProcess.cpp">
      <Filter>UnitTests\PostProcess</Filter>
    </ClCompile>
    <ClCompile Include="C:\Users\hp987\source\repos\GaggedEngine\LearnOpenGL\Resources\assimp-5.0.1\test\unit\utScaleProcess.cpp">
      <Filter>UnitTests\PostProcess</Filter>
    </ClCompile>
    <ClCompile Include="C:\Users\hp987\source\repos\GaggedEngine\LearnOpenGL\Resources\assimp-5.0.1\test\unit\utJoinVertices.cpp">
      <Filter>UnitTests\PostProcess</Filter>
    </ClCompile>
    <ClCompile Include="C:\Users\hp987\source\repos\GaggedEngine\LearnOpenGL\Resources\assimp-5.0.1\test\unit\utRemoveComments.cpp">
      <Filter>UnitTests\PostProcess</Filter>
    </ClCompile>
    <ClCompile Include="C:\Users\hp987\source\repos\GaggedEngine\LearnOpenGL\Resources\assimp-5.0.1\test\unit\utRemoveComponent.cpp">
      <Filter>UnitTests\PostProcess</Filter>
    </ClCompile>
    <ClCompile Include="C:\Users\hp987\source\repos\GaggedEngine\LearnOpenGL\Resources\assimp-5.0.1\test\unit\utVertexTriangleAdjacency.cpp">
      <Filter>UnitTests\PostProcess</Filter>
    </ClCompile>
    <ClCompile Include="C:\Users\hp987\source\repos\GaggedEngine\LearnOpenGL\Resources\assimp-5.0.1\test\unit\utSplitLargeMeshes.cpp">
      <Filter>UnitTests\PostProcess</Filter>
    </ClCompile>
    <ClCompile Include="C:\Users\hp987\source\repos\GaggedEngine\LearnOpenGL\Resources\assimp-5.0.1\test\unit\utFindDegenerates.cpp">
      <Filter>UnitTests\PostProcess</Filter>
    </ClCompile>
    <ClCompile Include="C:\Users\hp987\source\repos\GaggedEngine\LearnOpenGL\Resources\assimp-5.0.1\test\unit\utFindInvalidData.cpp">
      <Filter>UnitTests\PostProcess</Filter>
    </ClCompile>
    <ClCompile Include="C:\Users\hp987\source\repos\GaggedEngine\LearnOpenGL\Resources\assimp-5.0.1\test\unit\utLimitBoneWeights.cpp">
      <Filter>UnitTests\PostProcess</Filter>
    </ClCompile>
    <ClCompile Include="C:\Users\hp987\source\repos\GaggedEngine\LearnOpenGL\Resources\assimp-5.0.1\test\unit\utPretransformVertices.cpp">
      <Filter>UnitTests\PostProcess</Filter>
    </ClCompile>
    <ClCompile Include="C:\Users\hp987\source\repos\GaggedEngine\LearnOpenGL\Resources\assimp-5.0.1\test\unit\utScenePreprocessor.cpp">
      <Filter>UnitTests\PostProcess</Filter>
    </ClCompile>
    <ClCompile Include="C:\Users\hp987\source\repos\GaggedEngine\LearnOpenGL\Resources\assimp-5.0.1\test\unit\utTargetAnimation.cpp">
      <Filter>UnitTests\PostProcess</Filter>
    </ClCompile>
    <ClCompile Include="C:\Users\hp987\source\repos\GaggedEngine\LearnOpenGL\Resources\assimp-5.0.1\test\unit\utSortByPType.cpp">
      <Filter>UnitTests\PostProcess</Filter>
    </ClCompile>
    <ClCompile Include="C:\Users\hp987\source\repos\GaggedEngine\LearnOpenGL\Resources\assimp-5.0.1\test\unit\utSceneCombiner.cpp">
      <Filter>UnitTests\PostProcess</Filter>
    </ClCompile>
    <ClCompile Include="C:\Users\hp987\source\repos\GaggedEngine\LearnOpenGL\Resources\assimp-5.0.1\test\unit\utGenBoundingBoxesProcess.cpp">
      <Filter>UnitTests\PostProcess</Filter>
    </ClCompile>
  </ItemGroup>
  <ItemGroup>
    <ClInclude Include="C:\Users\hp987\source\repos\GaggedEngine\LearnOpenGL\Resources\assimp-5.0.1\test\unit\SceneDiffer.h">
      <Filter>UnitTests\Common</Filter>
    </ClInclude>
    <ClInclude Include="C:\Users\hp987\source\repos\GaggedEngine\LearnOpenGL\Resources\assimp-5.0.1\test\unit\UTLogStream.h">
      <Filter>UnitTests\Common</Filter>
    </ClInclude>
    <ClInclude Include="C:\Users\hp987\source\repos\GaggedEngine\LearnOpenGL\Resources\assimp-5.0.1\test\unit\TestIOSystem.h">
      <Filter>UnitTests\Common</Filter>
    </ClInclude>
    <ClInclude Include="C:\Users\hp987\source\repos\GaggedEngine\LearnOpenGL\Resources\assimp-5.0.1\test\unit\TestModelFactory.h">
      <Filter>UnitTests\Common</Filter>
    </ClInclude>
  </ItemGroup>
  <ItemGroup>
    <CustomBuild Include="C:\Users\hp987\source\repos\GaggedEngine\LearnOpenGL\Resources\assimp-5.0.1\test\CMakeLists.txt" />
  </ItemGroup>
  <ItemGroup>
    <Filter Include="Source Files">
      <UniqueIdentifier>{00338187-CF9B-3A1A-ACFE-96E787AE41CE}</UniqueIdentifier>
    </Filter>
    <Filter Include="UnitTests">
      <UniqueIdentifier>{B98F9655-37EA-34DB-83BD-C60B13595E9A}</UniqueIdentifier>
    </Filter>
    <Filter Include="UnitTests\Common">
      <UniqueIdentifier>{2DD437A4-3476-385B-804F-A42B51244F28}</UniqueIdentifier>
    </Filter>
    <Filter Include="UnitTests\Compiler">
      <UniqueIdentifier>{AC28B68C-C106-3A7B-97D6-ECF98FA16B94}</UniqueIdentifier>
    </Filter>
    <Filter Include="UnitTests\ImportExport">
      <UniqueIdentifier>{FE43E0DF-F146-3C45-B4DE-5800F49999E2}</UniqueIdentifier>
    </Filter>
    <Filter Include="UnitTests\Material">
      <UniqueIdentifier>{90FB4D3C-AEB4-3C37-8358-F20DC15AA132}</UniqueIdentifier>
    </Filter>
    <Filter Include="UnitTests\Math">
      <UniqueIdentifier>{D01FB9FB-9FDB-3640-AEB6-C1DECE41A4DA}</UniqueIdentifier>
    </Filter>
    <Filter Include="UnitTests\PostProcess">
      <UniqueIdentifier>{B19D48BD-8434-3FA9-AEB8-656DADE3273D}</UniqueIdentifier>
    </Filter>
  </ItemGroup>
</Project>
